
Microsoft Visual Studio Solution File, Format Version 12.00
# Visual Studio Version 17
VisualStudioVersion = 17.2.32505.173
MinimumVisualStudioVersion = 10.0.40219.1
Project("{FAE04EC0-301F-11D3-BF4B-00C04F79EFBC}") = "SalesWebMvc", "SalesWebMvc\SalesWebMvc.csproj", "{2A3FB5F0-5765-496F-94EF-11F2461BFA43}"
EndProject
Global
	GlobalSection(SolutionConfigurationPlatforms) = preSolution
		Debug|Any CPU = Debug|Any CPU
		Release|Any CPU = Release|Any CPU
	EndGlobalSection
	GlobalSection(ProjectConfigurationPlatforms) = postSolution
		{2A3FB5F0-5765-496F-94EF-11F2461BFA43}.Debug|Any CPU.ActiveCfg = Debug|Any CPU
		{2A3FB5F0-5765-496F-94EF-11F2461BFA43}.Debug|Any CPU.Build.0 = Debug|Any CPU
		{2A3FB5F0-5765-496F-94EF-11F2461BFA43}.Release|Any CPU.ActiveCfg = Release|Any CPU
		{2A3FB5F0-5765-496F-94EF-11F2461BFA43}.Release|Any CPU.Build.0 = Release|Any CPU
	EndGlobalSection
	GlobalSection(SolutionProperties) = preSolution
		HideSolutionNode = FALSE
	EndGlobalSection
	GlobalSection(ExtensibilityGlobals) = postSolution
		SolutionGuid = {5CD988C2-5D5A-4AAA-856F-8EE6AF667F49}
	EndGlobalSection
EndGlobal
